
Microsoft Visual Studio Solution File, Format Version 12.00
# Visual Studio Version 17
VisualStudioVersion = 17.7.34221.43
MinimumVisualStudioVersion = 10.0.40219.1
Project("{9A19103F-16F7-4668-BE54-9A1E7A4F7556}") = "SmartTalentTechnicalTest", "SmartTalentTechnicalTest\SmartTalentTechnicalTest.csproj", "{B3800A34-BA61-4A17-AE58-C38C15B1E11A}"
EndProject
Project("{2150E333-8FDC-42A3-9474-1A3956D46DE8}") = "Domain", "Domain", "{AF599F26-51E1-401A-84F7-22D0285EC545}"
EndProject
Project("{2150E333-8FDC-42A3-9474-1A3956D46DE8}") = "Application", "Application", "{27C0FF3C-45CA-4C0E-93A8-DBC91FA81D32}"
EndProject
Project("{2150E333-8FDC-42A3-9474-1A3956D46DE8}") = "Infrastructure", "Infrastructure", "{A299BFA4-01CD-46A1-B4CB-268AC75B9D51}"
EndProject
Project("{FAE04EC0-301F-11D3-BF4B-00C04F79EFBC}") = "Domain", "Domain\Domain.csproj", "{999673FC-1B86-4F5F-8636-CB1EF2CC8B19}"
EndProject
Project("{FAE04EC0-301F-11D3-BF4B-00C04F79EFBC}") = "Infrastructure", "Infrastructure\Infrastructure.csproj", "{C138576E-3570-43F6-81E8-28FB81A6C720}"
EndProject
Global
	GlobalSection(SolutionConfigurationPlatforms) = preSolution
		Debug|Any CPU = Debug|Any CPU
		Release|Any CPU = Release|Any CPU
	EndGlobalSection
	GlobalSection(ProjectConfigurationPlatforms) = postSolution
		{B3800A34-BA61-4A17-AE58-C38C15B1E11A}.Debug|Any CPU.ActiveCfg = Debug|Any CPU
		{B3800A34-BA61-4A17-AE58-C38C15B1E11A}.Debug|Any CPU.Build.0 = Debug|Any CPU
		{B3800A34-BA61-4A17-AE58-C38C15B1E11A}.Release|Any CPU.ActiveCfg = Release|Any CPU
		{B3800A34-BA61-4A17-AE58-C38C15B1E11A}.Release|Any CPU.Build.0 = Release|Any CPU
		{999673FC-1B86-4F5F-8636-CB1EF2CC8B19}.Debug|Any CPU.ActiveCfg = Debug|Any CPU
		{999673FC-1B86-4F5F-8636-CB1EF2CC8B19}.Debug|Any CPU.Build.0 = Debug|Any CPU
		{999673FC-1B86-4F5F-8636-CB1EF2CC8B19}.Release|Any CPU.ActiveCfg = Release|Any CPU
		{999673FC-1B86-4F5F-8636-CB1EF2CC8B19}.Release|Any CPU.Build.0 = Release|Any CPU
		{C138576E-3570-43F6-81E8-28FB81A6C720}.Debug|Any CPU.ActiveCfg = Debug|Any CPU
		{C138576E-3570-43F6-81E8-28FB81A6C720}.Debug|Any CPU.Build.0 = Debug|Any CPU
		{C138576E-3570-43F6-81E8-28FB81A6C720}.Release|Any CPU.ActiveCfg = Release|Any CPU
		{C138576E-3570-43F6-81E8-28FB81A6C720}.Release|Any CPU.Build.0 = Release|Any CPU
	EndGlobalSection
	GlobalSection(SolutionProperties) = preSolution
		HideSolutionNode = FALSE
	EndGlobalSection
	GlobalSection(NestedProjects) = preSolution
		{B3800A34-BA61-4A17-AE58-C38C15B1E11A} = {27C0FF3C-45CA-4C0E-93A8-DBC91FA81D32}
		{999673FC-1B86-4F5F-8636-CB1EF2CC8B19} = {AF599F26-51E1-401A-84F7-22D0285EC545}
		{C138576E-3570-43F6-81E8-28FB81A6C720} = {A299BFA4-01CD-46A1-B4CB-268AC75B9D51}
	EndGlobalSection
	GlobalSection(ExtensibilityGlobals) = postSolution
		SolutionGuid = {3779A35D-3D16-410E-A304-A90666858026}
	EndGlobalSection
EndGlobal
